# @generated by Move, please check-in and do not edit manually.

[move]
version = 3
manifest_digest = "ECA8FA496773B4F0D0F24BBB00779F4BE4F4C91500635454860BD6534BA91E18"
deps_digest = "F8BBB0CCB2491CA29A3DF03D6F92277A4F3574266507ACD77214D37ECA3F3082"
dependencies = [
  { id = "Sui", name = "Sui" },
]

[[move.package]]
id = "MoveStdlib"
source = { git = "https://github.com/MystenLabs/sui.git", rev = "framework/testnet", subdir = "crates/sui-framework/packages/move-stdlib" }

[[move.package]]
id = "Sui"
source = { git = "https://github.com/MystenLabs/sui.git", rev = "framework/testnet", subdir = "crates/sui-framework/packages/sui-framework" }

dependencies = [
  { id = "MoveStdlib", name = "MoveStdlib" },
]

[move.toolchain-version]
compiler-version = "1.60.0"
edition = "2024.beta"
flavor = "sui"

[env]

[env.testnet]
chain-id = "4c78adac"
original-published-id = "0x3ffd7fb7cc5d2c4f9fb649a463ec102cb78ce459af5e8e12f7120424e6782707"
latest-published-id = "0x3ffd7fb7cc5d2c4f9fb649a463ec102cb78ce459af5e8e12f7120424e6782707"
published-version = "1"
